
Microsoft Visual Studio Solution File, Format Version 12.00
# Visual Studio Version 16
VisualStudioVersion = 16.0.31624.102
MinimumVisualStudioVersion = 10.0.40219.1
Project("{FAE04EC0-301F-11D3-BF4B-00C04F79EFBC}") = "Demo01_SRP", "SRPDemo\Demo01_SRP.csproj", "{71CD4517-73C4-4083-B108-2631647D0B2A}"
EndProject
Project("{FAE04EC0-301F-11D3-BF4B-00C04F79EFBC}") = "Demo02_OCP", "OCPDemo\Demo02_OCP.csproj", "{15CACA23-EA23-41FC-8A55-A7E21FBA45FB}"
EndProject
Project("{FAE04EC0-301F-11D3-BF4B-00C04F79EFBC}") = "Demo03_LSP", "LSPDemo\Demo03_LSP.csproj", "{EFC7940D-ACF6-4305-B6B9-99C3BD2D5639}"
EndProject
Project("{FAE04EC0-301F-11D3-BF4B-00C04F79EFBC}") = "Demo04_ISP", "ISPDemo\Demo04_ISP.csproj", "{69853314-7EF8-45AA-902D-5FB6AD498BBA}"
EndProject
Project("{FAE04EC0-301F-11D3-BF4B-00C04F79EFBC}") = "Demo05_DIP", "DIPDemo\Demo05_DIP.csproj", "{0612DFD8-DD9E-4108-BFC9-4BE355962008}"
EndProject
Global
	GlobalSection(SolutionConfigurationPlatforms) = preSolution
		Debug|Any CPU = Debug|Any CPU
		Release|Any CPU = Release|Any CPU
	EndGlobalSection
	GlobalSection(ProjectConfigurationPlatforms) = postSolution
		{71CD4517-73C4-4083-B108-2631647D0B2A}.Debug|Any CPU.ActiveCfg = Debug|Any CPU
		{71CD4517-73C4-4083-B108-2631647D0B2A}.Debug|Any CPU.Build.0 = Debug|Any CPU
		{71CD4517-73C4-4083-B108-2631647D0B2A}.Release|Any CPU.ActiveCfg = Release|Any CPU
		{71CD4517-73C4-4083-B108-2631647D0B2A}.Release|Any CPU.Build.0 = Release|Any CPU
		{15CACA23-EA23-41FC-8A55-A7E21FBA45FB}.Debug|Any CPU.ActiveCfg = Debug|Any CPU
		{15CACA23-EA23-41FC-8A55-A7E21FBA45FB}.Debug|Any CPU.Build.0 = Debug|Any CPU
		{15CACA23-EA23-41FC-8A55-A7E21FBA45FB}.Release|Any CPU.ActiveCfg = Release|Any CPU
		{15CACA23-EA23-41FC-8A55-A7E21FBA45FB}.Release|Any CPU.Build.0 = Release|Any CPU
		{EFC7940D-ACF6-4305-B6B9-99C3BD2D5639}.Debug|Any CPU.ActiveCfg = Debug|Any CPU
		{EFC7940D-ACF6-4305-B6B9-99C3BD2D5639}.Debug|Any CPU.Build.0 = Debug|Any CPU
		{EFC7940D-ACF6-4305-B6B9-99C3BD2D5639}.Release|Any CPU.ActiveCfg = Release|Any CPU
		{EFC7940D-ACF6-4305-B6B9-99C3BD2D5639}.Release|Any CPU.Build.0 = Release|Any CPU
		{69853314-7EF8-45AA-902D-5FB6AD498BBA}.Debug|Any CPU.ActiveCfg = Debug|Any CPU
		{69853314-7EF8-45AA-902D-5FB6AD498BBA}.Debug|Any CPU.Build.0 = Debug|Any CPU
		{69853314-7EF8-45AA-902D-5FB6AD498BBA}.Release|Any CPU.ActiveCfg = Release|Any CPU
		{69853314-7EF8-45AA-902D-5FB6AD498BBA}.Release|Any CPU.Build.0 = Release|Any CPU
		{0612DFD8-DD9E-4108-BFC9-4BE355962008}.Debug|Any CPU.ActiveCfg = Debug|Any CPU
		{0612DFD8-DD9E-4108-BFC9-4BE355962008}.Debug|Any CPU.Build.0 = Debug|Any CPU
		{0612DFD8-DD9E-4108-BFC9-4BE355962008}.Release|Any CPU.ActiveCfg = Release|Any CPU
		{0612DFD8-DD9E-4108-BFC9-4BE355962008}.Release|Any CPU.Build.0 = Release|Any CPU
	EndGlobalSection
	GlobalSection(SolutionProperties) = preSolution
		HideSolutionNode = FALSE
	EndGlobalSection
	GlobalSection(ExtensibilityGlobals) = postSolution
		SolutionGuid = {0CED833F-3394-47BA-88BA-859EA714C667}
	EndGlobalSection
EndGlobal
