
Microsoft Visual Studio Solution File, Format Version 12.00
# Visual Studio Version 16
VisualStudioVersion = 16.0.32002.261
MinimumVisualStudioVersion = 10.0.40219.1
Project("{FAE04EC0-301F-11D3-BF4B-00C04F79EFBC}") = "SecuringAPIDemo", "SecuringAPIDemo\SecuringAPIDemo.csproj", "{CF9AB977-8178-4872-8A66-F5A625731878}"
EndProject
Global
	GlobalSection(SolutionConfigurationPlatforms) = preSolution
		Debug|Any CPU = Debug|Any CPU
		Release|Any CPU = Release|Any CPU
	EndGlobalSection
	GlobalSection(ProjectConfigurationPlatforms) = postSolution
		{CF9AB977-8178-4872-8A66-F5A625731878}.Debug|Any CPU.ActiveCfg = Debug|Any CPU
		{CF9AB977-8178-4872-8A66-F5A625731878}.Debug|Any CPU.Build.0 = Debug|Any CPU
		{CF9AB977-8178-4872-8A66-F5A625731878}.Release|Any CPU.ActiveCfg = Release|Any CPU
		{CF9AB977-8178-4872-8A66-F5A625731878}.Release|Any CPU.Build.0 = Release|Any CPU
	EndGlobalSection
	GlobalSection(SolutionProperties) = preSolution
		HideSolutionNode = FALSE
	EndGlobalSection
	GlobalSection(ExtensibilityGlobals) = postSolution
		SolutionGuid = {3BE5197B-1003-47E1-A5EC-6DC3BC273E4D}
	EndGlobalSection
EndGlobal
