
Microsoft Visual Studio Solution File, Format Version 12.00
# Visual Studio Version 16
VisualStudioVersion = 16.0.32002.261
MinimumVisualStudioVersion = 10.0.40219.1
Project("{2150E333-8FDC-42A3-9474-1A3956D46DE8}") = "10-COR", "10-COR", "{FC59D709-D0F1-407F-9E41-1576F0C703EB}"
EndProject
Project("{9A19103F-16F7-4668-BE54-9A1E7A4F7556}") = "ChequeProcessorLibrary", "ChequeProcessorLibrary\ChequeProcessorLibrary.csproj", "{E0086AA2-BBC7-4C80-B572-6FB9838FEB94}"
EndProject
Project("{9A19103F-16F7-4668-BE54-9A1E7A4F7556}") = "ChequeProcessorLibraryClient", "ChequeProcessorLibraryClient\ChequeProcessorLibraryClient.csproj", "{1C9E93C8-A37C-47FC-A54D-D7B514231E45}"
EndProject
Project("{2150E333-8FDC-42A3-9474-1A3956D46DE8}") = "11-Command", "11-Command", "{AA3E9B7D-A8FB-47CE-AD81-7EF9562D7EED}"
EndProject
Project("{9A19103F-16F7-4668-BE54-9A1E7A4F7556}") = "ProductsLibrary", "ProductsLibrary\ProductsLibrary.csproj", "{B6EF0B3E-E767-497A-908B-55209A5F22A7}"
EndProject
Project("{9A19103F-16F7-4668-BE54-9A1E7A4F7556}") = "ProductsLibraryClient", "ProductsLibraryClient\ProductsLibraryClient.csproj", "{D9541EF7-4A51-4608-8914-8B8A30AB3FB5}"
EndProject
Project("{2150E333-8FDC-42A3-9474-1A3956D46DE8}") = "12-Mediator", "12-Mediator", "{73FC24B6-55DC-4327-BB6F-5BF35B03DF19}"
EndProject
Project("{9A19103F-16F7-4668-BE54-9A1E7A4F7556}") = "TrafficSignalLibrary", "TrafficSignalLibrary\TrafficSignalLibrary.csproj", "{7EE9DEF5-5C63-47AD-BB71-8A5EDECD37A1}"
EndProject
Project("{9A19103F-16F7-4668-BE54-9A1E7A4F7556}") = "TrafficSignalLibraryClient", "TrafficSignalLibraryClient\TrafficSignalLibraryClient.csproj", "{B913B9F5-6594-40CE-B018-1ADDD80AF631}"
EndProject
Project("{2150E333-8FDC-42A3-9474-1A3956D46DE8}") = "13-Observer", "13-Observer", "{4E7A625E-24C8-48B3-8FE5-2ACCB9B11D0E}"
EndProject
Project("{9A19103F-16F7-4668-BE54-9A1E7A4F7556}") = "ProductsLibrary1", "ProductsLibrary1\ProductsLibrary1.csproj", "{8F415167-B64E-4E8F-9088-080385EA390B}"
EndProject
Project("{9A19103F-16F7-4668-BE54-9A1E7A4F7556}") = "ProductsLibrary1Client", "ProductsLibrary1Client\ProductsLibrary1Client.csproj", "{89D00437-5E9D-4AF9-8214-370F57F5A73D}"
EndProject
Project("{2150E333-8FDC-42A3-9474-1A3956D46DE8}") = "14-Strategy", "14-Strategy", "{16BAAFFC-2120-426C-A0AC-80CDCCB8D527}"
EndProject
Project("{9A19103F-16F7-4668-BE54-9A1E7A4F7556}") = "OrderLibrary", "OrderLibrary\OrderLibrary.csproj", "{36F95EE2-8929-4923-AF2B-1B1A2C41E2CF}"
EndProject
Project("{9A19103F-16F7-4668-BE54-9A1E7A4F7556}") = "OrderLibraryClient", "OrderLibraryClient\OrderLibraryClient.csproj", "{6560E415-3B00-45A4-A234-48C6CA720622}"
EndProject
Project("{2150E333-8FDC-42A3-9474-1A3956D46DE8}") = "15-State", "15-State", "{5E7F096D-AAB6-4479-AC6B-035EC0B1FA31}"
EndProject
Project("{9A19103F-16F7-4668-BE54-9A1E7A4F7556}") = "FlightTicketLib", "FlightTicketLib\FlightTicketLib.csproj", "{8AB21DDA-D63E-45E4-A568-AB60218EB4F7}"
EndProject
Project("{9A19103F-16F7-4668-BE54-9A1E7A4F7556}") = "FlightTicketLibClient", "FlightTicketLibClient\FlightTicketLibClient.csproj", "{709DB92F-8084-4DDF-B0C8-925BA8E88534}"
EndProject
Project("{2150E333-8FDC-42A3-9474-1A3956D46DE8}") = "16-Iterator", "16-Iterator", "{EF4A2788-F50C-4439-BC50-6B3C2B23C232}"
EndProject
Project("{9A19103F-16F7-4668-BE54-9A1E7A4F7556}") = "CalenderLib", "CalenderLib\CalenderLib.csproj", "{316826AA-34C0-423F-B62F-C6D25057CCAC}"
EndProject
Project("{9A19103F-16F7-4668-BE54-9A1E7A4F7556}") = "CalenderLibClient", "CalenderLibClient\CalenderLibClient.csproj", "{4310550D-B02C-418A-A66C-5761AE85904C}"
EndProject
Global
	GlobalSection(SolutionConfigurationPlatforms) = preSolution
		Debug|Any CPU = Debug|Any CPU
		Release|Any CPU = Release|Any CPU
	EndGlobalSection
	GlobalSection(ProjectConfigurationPlatforms) = postSolution
		{E0086AA2-BBC7-4C80-B572-6FB9838FEB94}.Debug|Any CPU.ActiveCfg = Debug|Any CPU
		{E0086AA2-BBC7-4C80-B572-6FB9838FEB94}.Debug|Any CPU.Build.0 = Debug|Any CPU
		{E0086AA2-BBC7-4C80-B572-6FB9838FEB94}.Release|Any CPU.ActiveCfg = Release|Any CPU
		{E0086AA2-BBC7-4C80-B572-6FB9838FEB94}.Release|Any CPU.Build.0 = Release|Any CPU
		{1C9E93C8-A37C-47FC-A54D-D7B514231E45}.Debug|Any CPU.ActiveCfg = Debug|Any CPU
		{1C9E93C8-A37C-47FC-A54D-D7B514231E45}.Debug|Any CPU.Build.0 = Debug|Any CPU
		{1C9E93C8-A37C-47FC-A54D-D7B514231E45}.Release|Any CPU.ActiveCfg = Release|Any CPU
		{1C9E93C8-A37C-47FC-A54D-D7B514231E45}.Release|Any CPU.Build.0 = Release|Any CPU
		{B6EF0B3E-E767-497A-908B-55209A5F22A7}.Debug|Any CPU.ActiveCfg = Debug|Any CPU
		{B6EF0B3E-E767-497A-908B-55209A5F22A7}.Debug|Any CPU.Build.0 = Debug|Any CPU
		{B6EF0B3E-E767-497A-908B-55209A5F22A7}.Release|Any CPU.ActiveCfg = Release|Any CPU
		{B6EF0B3E-E767-497A-908B-55209A5F22A7}.Release|Any CPU.Build.0 = Release|Any CPU
		{D9541EF7-4A51-4608-8914-8B8A30AB3FB5}.Debug|Any CPU.ActiveCfg = Debug|Any CPU
		{D9541EF7-4A51-4608-8914-8B8A30AB3FB5}.Debug|Any CPU.Build.0 = Debug|Any CPU
		{D9541EF7-4A51-4608-8914-8B8A30AB3FB5}.Release|Any CPU.ActiveCfg = Release|Any CPU
		{D9541EF7-4A51-4608-8914-8B8A30AB3FB5}.Release|Any CPU.Build.0 = Release|Any CPU
		{7EE9DEF5-5C63-47AD-BB71-8A5EDECD37A1}.Debug|Any CPU.ActiveCfg = Debug|Any CPU
		{7EE9DEF5-5C63-47AD-BB71-8A5EDECD37A1}.Debug|Any CPU.Build.0 = Debug|Any CPU
		{7EE9DEF5-5C63-47AD-BB71-8A5EDECD37A1}.Release|Any CPU.ActiveCfg = Release|Any CPU
		{7EE9DEF5-5C63-47AD-BB71-8A5EDECD37A1}.Release|Any CPU.Build.0 = Release|Any CPU
		{B913B9F5-6594-40CE-B018-1ADDD80AF631}.Debug|Any CPU.ActiveCfg = Debug|Any CPU
		{B913B9F5-6594-40CE-B018-1ADDD80AF631}.Debug|Any CPU.Build.0 = Debug|Any CPU
		{B913B9F5-6594-40CE-B018-1ADDD80AF631}.Release|Any CPU.ActiveCfg = Release|Any CPU
		{B913B9F5-6594-40CE-B018-1ADDD80AF631}.Release|Any CPU.Build.0 = Release|Any CPU
		{8F415167-B64E-4E8F-9088-080385EA390B}.Debug|Any CPU.ActiveCfg = Debug|Any CPU
		{8F415167-B64E-4E8F-9088-080385EA390B}.Debug|Any CPU.Build.0 = Debug|Any CPU
		{8F415167-B64E-4E8F-9088-080385EA390B}.Release|Any CPU.ActiveCfg = Release|Any CPU
		{8F415167-B64E-4E8F-9088-080385EA390B}.Release|Any CPU.Build.0 = Release|Any CPU
		{89D00437-5E9D-4AF9-8214-370F57F5A73D}.Debug|Any CPU.ActiveCfg = Debug|Any CPU
		{89D00437-5E9D-4AF9-8214-370F57F5A73D}.Debug|Any CPU.Build.0 = Debug|Any CPU
		{89D00437-5E9D-4AF9-8214-370F57F5A73D}.Release|Any CPU.ActiveCfg = Release|Any CPU
		{89D00437-5E9D-4AF9-8214-370F57F5A73D}.Release|Any CPU.Build.0 = Release|Any CPU
		{36F95EE2-8929-4923-AF2B-1B1A2C41E2CF}.Debug|Any CPU.ActiveCfg = Debug|Any CPU
		{36F95EE2-8929-4923-AF2B-1B1A2C41E2CF}.Debug|Any CPU.Build.0 = Debug|Any CPU
		{36F95EE2-8929-4923-AF2B-1B1A2C41E2CF}.Release|Any CPU.ActiveCfg = Release|Any CPU
		{36F95EE2-8929-4923-AF2B-1B1A2C41E2CF}.Release|Any CPU.Build.0 = Release|Any CPU
		{6560E415-3B00-45A4-A234-48C6CA720622}.Debug|Any CPU.ActiveCfg = Debug|Any CPU
		{6560E415-3B00-45A4-A234-48C6CA720622}.Debug|Any CPU.Build.0 = Debug|Any CPU
		{6560E415-3B00-45A4-A234-48C6CA720622}.Release|Any CPU.ActiveCfg = Release|Any CPU
		{6560E415-3B00-45A4-A234-48C6CA720622}.Release|Any CPU.Build.0 = Release|Any CPU
		{8AB21DDA-D63E-45E4-A568-AB60218EB4F7}.Debug|Any CPU.ActiveCfg = Debug|Any CPU
		{8AB21DDA-D63E-45E4-A568-AB60218EB4F7}.Debug|Any CPU.Build.0 = Debug|Any CPU
		{8AB21DDA-D63E-45E4-A568-AB60218EB4F7}.Release|Any CPU.ActiveCfg = Release|Any CPU
		{8AB21DDA-D63E-45E4-A568-AB60218EB4F7}.Release|Any CPU.Build.0 = Release|Any CPU
		{709DB92F-8084-4DDF-B0C8-925BA8E88534}.Debug|Any CPU.ActiveCfg = Debug|Any CPU
		{709DB92F-8084-4DDF-B0C8-925BA8E88534}.Debug|Any CPU.Build.0 = Debug|Any CPU
		{709DB92F-8084-4DDF-B0C8-925BA8E88534}.Release|Any CPU.ActiveCfg = Release|Any CPU
		{709DB92F-8084-4DDF-B0C8-925BA8E88534}.Release|Any CPU.Build.0 = Release|Any CPU
		{316826AA-34C0-423F-B62F-C6D25057CCAC}.Debug|Any CPU.ActiveCfg = Debug|Any CPU
		{316826AA-34C0-423F-B62F-C6D25057CCAC}.Debug|Any CPU.Build.0 = Debug|Any CPU
		{316826AA-34C0-423F-B62F-C6D25057CCAC}.Release|Any CPU.ActiveCfg = Release|Any CPU
		{316826AA-34C0-423F-B62F-C6D25057CCAC}.Release|Any CPU.Build.0 = Release|Any CPU
		{4310550D-B02C-418A-A66C-5761AE85904C}.Debug|Any CPU.ActiveCfg = Debug|Any CPU
		{4310550D-B02C-418A-A66C-5761AE85904C}.Debug|Any CPU.Build.0 = Debug|Any CPU
		{4310550D-B02C-418A-A66C-5761AE85904C}.Release|Any CPU.ActiveCfg = Release|Any CPU
		{4310550D-B02C-418A-A66C-5761AE85904C}.Release|Any CPU.Build.0 = Release|Any CPU
	EndGlobalSection
	GlobalSection(SolutionProperties) = preSolution
		HideSolutionNode = FALSE
	EndGlobalSection
	GlobalSection(NestedProjects) = preSolution
		{E0086AA2-BBC7-4C80-B572-6FB9838FEB94} = {FC59D709-D0F1-407F-9E41-1576F0C703EB}
		{1C9E93C8-A37C-47FC-A54D-D7B514231E45} = {FC59D709-D0F1-407F-9E41-1576F0C703EB}
		{B6EF0B3E-E767-497A-908B-55209A5F22A7} = {AA3E9B7D-A8FB-47CE-AD81-7EF9562D7EED}
		{D9541EF7-4A51-4608-8914-8B8A30AB3FB5} = {AA3E9B7D-A8FB-47CE-AD81-7EF9562D7EED}
		{7EE9DEF5-5C63-47AD-BB71-8A5EDECD37A1} = {73FC24B6-55DC-4327-BB6F-5BF35B03DF19}
		{B913B9F5-6594-40CE-B018-1ADDD80AF631} = {73FC24B6-55DC-4327-BB6F-5BF35B03DF19}
		{8F415167-B64E-4E8F-9088-080385EA390B} = {4E7A625E-24C8-48B3-8FE5-2ACCB9B11D0E}
		{89D00437-5E9D-4AF9-8214-370F57F5A73D} = {4E7A625E-24C8-48B3-8FE5-2ACCB9B11D0E}
		{36F95EE2-8929-4923-AF2B-1B1A2C41E2CF} = {16BAAFFC-2120-426C-A0AC-80CDCCB8D527}
		{6560E415-3B00-45A4-A234-48C6CA720622} = {16BAAFFC-2120-426C-A0AC-80CDCCB8D527}
		{8AB21DDA-D63E-45E4-A568-AB60218EB4F7} = {5E7F096D-AAB6-4479-AC6B-035EC0B1FA31}
		{709DB92F-8084-4DDF-B0C8-925BA8E88534} = {5E7F096D-AAB6-4479-AC6B-035EC0B1FA31}
		{316826AA-34C0-423F-B62F-C6D25057CCAC} = {EF4A2788-F50C-4439-BC50-6B3C2B23C232}
		{4310550D-B02C-418A-A66C-5761AE85904C} = {EF4A2788-F50C-4439-BC50-6B3C2B23C232}
	EndGlobalSection
	GlobalSection(ExtensibilityGlobals) = postSolution
		SolutionGuid = {92AE07E7-DFC7-4E6A-80DE-18A23B12053B}
	EndGlobalSection
EndGlobal
