
Microsoft Visual Studio Solution File, Format Version 12.00
# Visual Studio Version 16
VisualStudioVersion = 16.0.32002.261
MinimumVisualStudioVersion = 10.0.40219.1
Project("{FAE04EC0-301F-11D3-BF4B-00C04F79EFBC}") = "DemoWindowsService", "DemoWindowsService\DemoWindowsService.csproj", "{0DABFE78-7AFB-4ADA-8117-3DF7B18F91AE}"
EndProject
Global
	GlobalSection(SolutionConfigurationPlatforms) = preSolution
		Debug|Any CPU = Debug|Any CPU
		Release|Any CPU = Release|Any CPU
	EndGlobalSection
	GlobalSection(ProjectConfigurationPlatforms) = postSolution
		{0DABFE78-7AFB-4ADA-8117-3DF7B18F91AE}.Debug|Any CPU.ActiveCfg = Debug|Any CPU
		{0DABFE78-7AFB-4ADA-8117-3DF7B18F91AE}.Debug|Any CPU.Build.0 = Debug|Any CPU
		{0DABFE78-7AFB-4ADA-8117-3DF7B18F91AE}.Release|Any CPU.ActiveCfg = Release|Any CPU
		{0DABFE78-7AFB-4ADA-8117-3DF7B18F91AE}.Release|Any CPU.Build.0 = Release|Any CPU
	EndGlobalSection
	GlobalSection(SolutionProperties) = preSolution
		HideSolutionNode = FALSE
	EndGlobalSection
	GlobalSection(ExtensibilityGlobals) = postSolution
		SolutionGuid = {7885A4CC-5BF7-451D-8F51-0DC01DD076D6}
	EndGlobalSection
EndGlobal
