
Microsoft Visual Studio Solution File, Format Version 12.00
# Visual Studio Version 16
VisualStudioVersion = 16.0.32002.261
MinimumVisualStudioVersion = 10.0.40219.1
Project("{FAE04EC0-301F-11D3-BF4B-00C04F79EFBC}") = "TaxCalculatorApp", "TaxCalculatorApp\TaxCalculatorApp.csproj", "{16F78FEE-5FF7-402C-927D-D503A64B4BD7}"
EndProject
Project("{FAE04EC0-301F-11D3-BF4B-00C04F79EFBC}") = "TaxCalculatorAppTests", "TaxCalculatorAppTests\TaxCalculatorAppTests.csproj", "{14173BA7-F4EE-4ECD-AB6B-4C923779C44B}"
EndProject
Global
	GlobalSection(SolutionConfigurationPlatforms) = preSolution
		Debug|Any CPU = Debug|Any CPU
		Release|Any CPU = Release|Any CPU
	EndGlobalSection
	GlobalSection(ProjectConfigurationPlatforms) = postSolution
		{16F78FEE-5FF7-402C-927D-D503A64B4BD7}.Debug|Any CPU.ActiveCfg = Debug|Any CPU
		{16F78FEE-5FF7-402C-927D-D503A64B4BD7}.Debug|Any CPU.Build.0 = Debug|Any CPU
		{16F78FEE-5FF7-402C-927D-D503A64B4BD7}.Release|Any CPU.ActiveCfg = Release|Any CPU
		{16F78FEE-5FF7-402C-927D-D503A64B4BD7}.Release|Any CPU.Build.0 = Release|Any CPU
		{14173BA7-F4EE-4ECD-AB6B-4C923779C44B}.Debug|Any CPU.ActiveCfg = Debug|Any CPU
		{14173BA7-F4EE-4ECD-AB6B-4C923779C44B}.Debug|Any CPU.Build.0 = Debug|Any CPU
		{14173BA7-F4EE-4ECD-AB6B-4C923779C44B}.Release|Any CPU.ActiveCfg = Release|Any CPU
		{14173BA7-F4EE-4ECD-AB6B-4C923779C44B}.Release|Any CPU.Build.0 = Release|Any CPU
	EndGlobalSection
	GlobalSection(SolutionProperties) = preSolution
		HideSolutionNode = FALSE
	EndGlobalSection
	GlobalSection(ExtensibilityGlobals) = postSolution
		SolutionGuid = {DC8029D2-0477-481A-AFC7-05DC6E95B939}
	EndGlobalSection
EndGlobal
