
Microsoft Visual Studio Solution File, Format Version 12.00
# Visual Studio Version 16
VisualStudioVersion = 16.0.32002.261
MinimumVisualStudioVersion = 10.0.40219.1
Project("{FAE04EC0-301F-11D3-BF4B-00C04F79EFBC}") = "MVC_Client", "MVC_Client\MVC_Client.csproj", "{01C2DD03-A191-4989-BF85-D575E932B78E}"
EndProject
Global
	GlobalSection(SolutionConfigurationPlatforms) = preSolution
		Debug|Any CPU = Debug|Any CPU
		Release|Any CPU = Release|Any CPU
	EndGlobalSection
	GlobalSection(ProjectConfigurationPlatforms) = postSolution
		{01C2DD03-A191-4989-BF85-D575E932B78E}.Debug|Any CPU.ActiveCfg = Debug|Any CPU
		{01C2DD03-A191-4989-BF85-D575E932B78E}.Debug|Any CPU.Build.0 = Debug|Any CPU
		{01C2DD03-A191-4989-BF85-D575E932B78E}.Release|Any CPU.ActiveCfg = Release|Any CPU
		{01C2DD03-A191-4989-BF85-D575E932B78E}.Release|Any CPU.Build.0 = Release|Any CPU
	EndGlobalSection
	GlobalSection(SolutionProperties) = preSolution
		HideSolutionNode = FALSE
	EndGlobalSection
	GlobalSection(ExtensibilityGlobals) = postSolution
		SolutionGuid = {D833407B-D5A5-49A3-9AF4-F49DDEB07148}
	EndGlobalSection
EndGlobal
