
Microsoft Visual Studio Solution File, Format Version 12.00
# Visual Studio Version 16
VisualStudioVersion = 16.0.32002.261
MinimumVisualStudioVersion = 10.0.40219.1
Project("{FAE04EC0-301F-11D3-BF4B-00C04F79EFBC}") = "01-SRP", "SRP\01-SRP.csproj", "{E30B6622-2126-4766-A9C7-80464866B823}"
EndProject
Project("{FAE04EC0-301F-11D3-BF4B-00C04F79EFBC}") = "02-OCP", "OCP\02-OCP.csproj", "{563FA885-5B35-42A1-A893-CCEE96AA7F4C}"
EndProject
Project("{FAE04EC0-301F-11D3-BF4B-00C04F79EFBC}") = "03-LSP", "LSP\03-LSP.csproj", "{D0E4934E-2AD1-4967-B431-BB64F788111A}"
EndProject
Project("{FAE04EC0-301F-11D3-BF4B-00C04F79EFBC}") = "04-ISP", "ISP\04-ISP.csproj", "{B4F7FF94-7A21-4561-90D5-CABC1AA19466}"
EndProject
Project("{FAE04EC0-301F-11D3-BF4B-00C04F79EFBC}") = "05-DIP", "DIP\05-DIP.csproj", "{DC3FEC8B-AF3F-4EFF-B79D-910DDE35B6BA}"
EndProject
Project("{2150E333-8FDC-42A3-9474-1A3956D46DE8}") = "01-SOLID", "01-SOLID", "{E82B7706-BDF4-46A7-88BD-ABBBCE95073A}"
EndProject
Project("{2150E333-8FDC-42A3-9474-1A3956D46DE8}") = "02-FactoryMethod", "02-FactoryMethod", "{C9FE49A3-B73C-4AF9-BA15-E7FAF2F3E756}"
EndProject
Project("{FAE04EC0-301F-11D3-BF4B-00C04F79EFBC}") = "BankLib1", "BankLib1\BankLib1.csproj", "{EB73C98A-0A08-4FF1-9102-B018522096F1}"
EndProject
Project("{FAE04EC0-301F-11D3-BF4B-00C04F79EFBC}") = "BankLib1Client", "BankLib1Client\BankLib1Client.csproj", "{826DC1C1-748A-403D-9426-EC2CA1D47C76}"
EndProject
Project("{2150E333-8FDC-42A3-9474-1A3956D46DE8}") = "03-AbstractFactory", "03-AbstractFactory", "{90D7689F-0E53-467B-AF3B-57FAD06A6FA6}"
EndProject
Project("{FAE04EC0-301F-11D3-BF4B-00C04F79EFBC}") = "BankLib2", "BankLib2\BankLib2.csproj", "{659875DE-9062-4EBC-A67D-A5234218A869}"
EndProject
Project("{FAE04EC0-301F-11D3-BF4B-00C04F79EFBC}") = "BankLib2Client", "BankLib2Client\BankLib2Client.csproj", "{92D1F897-AA6D-41A7-8250-241811666113}"
EndProject
Project("{2150E333-8FDC-42A3-9474-1A3956D46DE8}") = "04-Singleton", "04-Singleton", "{6155B8B3-B8F4-4002-A468-40D689CD7295}"
EndProject
Project("{FAE04EC0-301F-11D3-BF4B-00C04F79EFBC}") = "SingletonDemo", "SingletonDemo\SingletonDemo.csproj", "{11A0B234-413D-4683-9131-27FC5324186E}"
EndProject
Project("{2150E333-8FDC-42A3-9474-1A3956D46DE8}") = "05-BuilderPattern", "05-BuilderPattern", "{7E662993-CAEE-48C8-89E0-33F2AB1B438A}"
EndProject
Project("{FAE04EC0-301F-11D3-BF4B-00C04F79EFBC}") = "PCLibrary", "PCLibrary\PCLibrary.csproj", "{F39272C7-0940-4A0F-8AFB-2DF8E19F7BC4}"
EndProject
Project("{FAE04EC0-301F-11D3-BF4B-00C04F79EFBC}") = "PCLibraryClient", "PCLibraryClient\PCLibraryClient.csproj", "{5625B0F9-6C30-4BF7-A038-A36A0200A2DD}"
EndProject
Project("{2150E333-8FDC-42A3-9474-1A3956D46DE8}") = "06-Adapter", "06-Adapter", "{9C8C2FE4-A2FE-4689-B8F9-F488AB8BDD24}"
EndProject
Project("{FAE04EC0-301F-11D3-BF4B-00C04F79EFBC}") = "ThirdPartyPaymentSystem", "ThirdPartyPaymentSystem\ThirdPartyPaymentSystem.csproj", "{05E399B7-4C53-4473-9E2C-5FBB4639D6AE}"
EndProject
Project("{FAE04EC0-301F-11D3-BF4B-00C04F79EFBC}") = "ThirdPartyPaymentSystemClient", "ThirdPartyPaymentSystemClient\ThirdPartyPaymentSystemClient.csproj", "{FC92991B-F9F9-4A69-8BED-35AFF11B0CFC}"
EndProject
Project("{2150E333-8FDC-42A3-9474-1A3956D46DE8}") = "07-Decorator", "07-Decorator", "{ECF139E8-ABCC-476B-8364-A8BBF74E47C5}"
EndProject
Project("{FAE04EC0-301F-11D3-BF4B-00C04F79EFBC}") = "BankLib3", "BankLib3\BankLib3.csproj", "{35C24C2D-9C87-4073-9E0A-947B9FEB571E}"
EndProject
Project("{FAE04EC0-301F-11D3-BF4B-00C04F79EFBC}") = "BankLib3Client", "BankLib3Client\BankLib3Client.csproj", "{68E7AE8E-03A5-4012-8998-E5A8DC59D522}"
EndProject
Project("{2150E333-8FDC-42A3-9474-1A3956D46DE8}") = "08-BridgePattern", "08-BridgePattern", "{8BE53D18-97F1-4FFD-B8BC-D5F41EC0A0AA}"
EndProject
Project("{FAE04EC0-301F-11D3-BF4B-00C04F79EFBC}") = "InvoiceManagementLib", "InvoiceManagementLib\InvoiceManagementLib.csproj", "{B7A8F81E-3652-4B0D-8D63-DAEA3EA223F4}"
EndProject
Project("{FAE04EC0-301F-11D3-BF4B-00C04F79EFBC}") = "InvoiceManagementLibClient", "InvoiceManagementLibClient\InvoiceManagementLibClient.csproj", "{5BAA31D1-7714-4602-BBF4-97AB2D8E3035}"
EndProject
Project("{2150E333-8FDC-42A3-9474-1A3956D46DE8}") = "09-Facade", "09-Facade", "{43FAE3C9-A50D-4F03-8EAB-2E86E55A5DCB}"
EndProject
Project("{FAE04EC0-301F-11D3-BF4B-00C04F79EFBC}") = "NotificaitonService", "NotificaitonService\NotificaitonService.csproj", "{0A1A4E84-F877-49F3-BF6D-400CF61DCF8C}"
EndProject
Project("{FAE04EC0-301F-11D3-BF4B-00C04F79EFBC}") = "PaymentService", "PaymentService\PaymentService.csproj", "{A62CB7E7-872C-4DCE-8D1F-242EF50E44E7}"
EndProject
Project("{FAE04EC0-301F-11D3-BF4B-00C04F79EFBC}") = "OrderService", "OrderService\OrderService.csproj", "{DA708723-787B-4689-9FB7-E8CB1B043023}"
EndProject
Project("{FAE04EC0-301F-11D3-BF4B-00C04F79EFBC}") = "OrderProcessorClient", "OrderProcessorClient\OrderProcessorClient.csproj", "{32B9AD2F-7920-4A1E-A882-937CAA7C15E2}"
EndProject
Global
	GlobalSection(SolutionConfigurationPlatforms) = preSolution
		Debug|Any CPU = Debug|Any CPU
		Release|Any CPU = Release|Any CPU
	EndGlobalSection
	GlobalSection(ProjectConfigurationPlatforms) = postSolution
		{E30B6622-2126-4766-A9C7-80464866B823}.Debug|Any CPU.ActiveCfg = Debug|Any CPU
		{E30B6622-2126-4766-A9C7-80464866B823}.Debug|Any CPU.Build.0 = Debug|Any CPU
		{E30B6622-2126-4766-A9C7-80464866B823}.Release|Any CPU.ActiveCfg = Release|Any CPU
		{E30B6622-2126-4766-A9C7-80464866B823}.Release|Any CPU.Build.0 = Release|Any CPU
		{563FA885-5B35-42A1-A893-CCEE96AA7F4C}.Debug|Any CPU.ActiveCfg = Debug|Any CPU
		{563FA885-5B35-42A1-A893-CCEE96AA7F4C}.Debug|Any CPU.Build.0 = Debug|Any CPU
		{563FA885-5B35-42A1-A893-CCEE96AA7F4C}.Release|Any CPU.ActiveCfg = Release|Any CPU
		{563FA885-5B35-42A1-A893-CCEE96AA7F4C}.Release|Any CPU.Build.0 = Release|Any CPU
		{D0E4934E-2AD1-4967-B431-BB64F788111A}.Debug|Any CPU.ActiveCfg = Debug|Any CPU
		{D0E4934E-2AD1-4967-B431-BB64F788111A}.Debug|Any CPU.Build.0 = Debug|Any CPU
		{D0E4934E-2AD1-4967-B431-BB64F788111A}.Release|Any CPU.ActiveCfg = Release|Any CPU
		{D0E4934E-2AD1-4967-B431-BB64F788111A}.Release|Any CPU.Build.0 = Release|Any CPU
		{B4F7FF94-7A21-4561-90D5-CABC1AA19466}.Debug|Any CPU.ActiveCfg = Debug|Any CPU
		{B4F7FF94-7A21-4561-90D5-CABC1AA19466}.Debug|Any CPU.Build.0 = Debug|Any CPU
		{B4F7FF94-7A21-4561-90D5-CABC1AA19466}.Release|Any CPU.ActiveCfg = Release|Any CPU
		{B4F7FF94-7A21-4561-90D5-CABC1AA19466}.Release|Any CPU.Build.0 = Release|Any CPU
		{DC3FEC8B-AF3F-4EFF-B79D-910DDE35B6BA}.Debug|Any CPU.ActiveCfg = Debug|Any CPU
		{DC3FEC8B-AF3F-4EFF-B79D-910DDE35B6BA}.Debug|Any CPU.Build.0 = Debug|Any CPU
		{DC3FEC8B-AF3F-4EFF-B79D-910DDE35B6BA}.Release|Any CPU.ActiveCfg = Release|Any CPU
		{DC3FEC8B-AF3F-4EFF-B79D-910DDE35B6BA}.Release|Any CPU.Build.0 = Release|Any CPU
		{EB73C98A-0A08-4FF1-9102-B018522096F1}.Debug|Any CPU.ActiveCfg = Debug|Any CPU
		{EB73C98A-0A08-4FF1-9102-B018522096F1}.Debug|Any CPU.Build.0 = Debug|Any CPU
		{EB73C98A-0A08-4FF1-9102-B018522096F1}.Release|Any CPU.ActiveCfg = Release|Any CPU
		{EB73C98A-0A08-4FF1-9102-B018522096F1}.Release|Any CPU.Build.0 = Release|Any CPU
		{826DC1C1-748A-403D-9426-EC2CA1D47C76}.Debug|Any CPU.ActiveCfg = Debug|Any CPU
		{826DC1C1-748A-403D-9426-EC2CA1D47C76}.Debug|Any CPU.Build.0 = Debug|Any CPU
		{826DC1C1-748A-403D-9426-EC2CA1D47C76}.Release|Any CPU.ActiveCfg = Release|Any CPU
		{826DC1C1-748A-403D-9426-EC2CA1D47C76}.Release|Any CPU.Build.0 = Release|Any CPU
		{659875DE-9062-4EBC-A67D-A5234218A869}.Debug|Any CPU.ActiveCfg = Debug|Any CPU
		{659875DE-9062-4EBC-A67D-A5234218A869}.Debug|Any CPU.Build.0 = Debug|Any CPU
		{659875DE-9062-4EBC-A67D-A5234218A869}.Release|Any CPU.ActiveCfg = Release|Any CPU
		{659875DE-9062-4EBC-A67D-A5234218A869}.Release|Any CPU.Build.0 = Release|Any CPU
		{92D1F897-AA6D-41A7-8250-241811666113}.Debug|Any CPU.ActiveCfg = Debug|Any CPU
		{92D1F897-AA6D-41A7-8250-241811666113}.Debug|Any CPU.Build.0 = Debug|Any CPU
		{92D1F897-AA6D-41A7-8250-241811666113}.Release|Any CPU.ActiveCfg = Release|Any CPU
		{92D1F897-AA6D-41A7-8250-241811666113}.Release|Any CPU.Build.0 = Release|Any CPU
		{11A0B234-413D-4683-9131-27FC5324186E}.Debug|Any CPU.ActiveCfg = Debug|Any CPU
		{11A0B234-413D-4683-9131-27FC5324186E}.Debug|Any CPU.Build.0 = Debug|Any CPU
		{11A0B234-413D-4683-9131-27FC5324186E}.Release|Any CPU.ActiveCfg = Release|Any CPU
		{11A0B234-413D-4683-9131-27FC5324186E}.Release|Any CPU.Build.0 = Release|Any CPU
		{F39272C7-0940-4A0F-8AFB-2DF8E19F7BC4}.Debug|Any CPU.ActiveCfg = Debug|Any CPU
		{F39272C7-0940-4A0F-8AFB-2DF8E19F7BC4}.Debug|Any CPU.Build.0 = Debug|Any CPU
		{F39272C7-0940-4A0F-8AFB-2DF8E19F7BC4}.Release|Any CPU.ActiveCfg = Release|Any CPU
		{F39272C7-0940-4A0F-8AFB-2DF8E19F7BC4}.Release|Any CPU.Build.0 = Release|Any CPU
		{5625B0F9-6C30-4BF7-A038-A36A0200A2DD}.Debug|Any CPU.ActiveCfg = Debug|Any CPU
		{5625B0F9-6C30-4BF7-A038-A36A0200A2DD}.Debug|Any CPU.Build.0 = Debug|Any CPU
		{5625B0F9-6C30-4BF7-A038-A36A0200A2DD}.Release|Any CPU.ActiveCfg = Release|Any CPU
		{5625B0F9-6C30-4BF7-A038-A36A0200A2DD}.Release|Any CPU.Build.0 = Release|Any CPU
		{05E399B7-4C53-4473-9E2C-5FBB4639D6AE}.Debug|Any CPU.ActiveCfg = Debug|Any CPU
		{05E399B7-4C53-4473-9E2C-5FBB4639D6AE}.Debug|Any CPU.Build.0 = Debug|Any CPU
		{05E399B7-4C53-4473-9E2C-5FBB4639D6AE}.Release|Any CPU.ActiveCfg = Release|Any CPU
		{05E399B7-4C53-4473-9E2C-5FBB4639D6AE}.Release|Any CPU.Build.0 = Release|Any CPU
		{FC92991B-F9F9-4A69-8BED-35AFF11B0CFC}.Debug|Any CPU.ActiveCfg = Debug|Any CPU
		{FC92991B-F9F9-4A69-8BED-35AFF11B0CFC}.Debug|Any CPU.Build.0 = Debug|Any CPU
		{FC92991B-F9F9-4A69-8BED-35AFF11B0CFC}.Release|Any CPU.ActiveCfg = Release|Any CPU
		{FC92991B-F9F9-4A69-8BED-35AFF11B0CFC}.Release|Any CPU.Build.0 = Release|Any CPU
		{35C24C2D-9C87-4073-9E0A-947B9FEB571E}.Debug|Any CPU.ActiveCfg = Debug|Any CPU
		{35C24C2D-9C87-4073-9E0A-947B9FEB571E}.Debug|Any CPU.Build.0 = Debug|Any CPU
		{35C24C2D-9C87-4073-9E0A-947B9FEB571E}.Release|Any CPU.ActiveCfg = Release|Any CPU
		{35C24C2D-9C87-4073-9E0A-947B9FEB571E}.Release|Any CPU.Build.0 = Release|Any CPU
		{68E7AE8E-03A5-4012-8998-E5A8DC59D522}.Debug|Any CPU.ActiveCfg = Debug|Any CPU
		{68E7AE8E-03A5-4012-8998-E5A8DC59D522}.Debug|Any CPU.Build.0 = Debug|Any CPU
		{68E7AE8E-03A5-4012-8998-E5A8DC59D522}.Release|Any CPU.ActiveCfg = Release|Any CPU
		{68E7AE8E-03A5-4012-8998-E5A8DC59D522}.Release|Any CPU.Build.0 = Release|Any CPU
		{B7A8F81E-3652-4B0D-8D63-DAEA3EA223F4}.Debug|Any CPU.ActiveCfg = Debug|Any CPU
		{B7A8F81E-3652-4B0D-8D63-DAEA3EA223F4}.Debug|Any CPU.Build.0 = Debug|Any CPU
		{B7A8F81E-3652-4B0D-8D63-DAEA3EA223F4}.Release|Any CPU.ActiveCfg = Release|Any CPU
		{B7A8F81E-3652-4B0D-8D63-DAEA3EA223F4}.Release|Any CPU.Build.0 = Release|Any CPU
		{5BAA31D1-7714-4602-BBF4-97AB2D8E3035}.Debug|Any CPU.ActiveCfg = Debug|Any CPU
		{5BAA31D1-7714-4602-BBF4-97AB2D8E3035}.Debug|Any CPU.Build.0 = Debug|Any CPU
		{5BAA31D1-7714-4602-BBF4-97AB2D8E3035}.Release|Any CPU.ActiveCfg = Release|Any CPU
		{5BAA31D1-7714-4602-BBF4-97AB2D8E3035}.Release|Any CPU.Build.0 = Release|Any CPU
		{0A1A4E84-F877-49F3-BF6D-400CF61DCF8C}.Debug|Any CPU.ActiveCfg = Debug|Any CPU
		{0A1A4E84-F877-49F3-BF6D-400CF61DCF8C}.Debug|Any CPU.Build.0 = Debug|Any CPU
		{0A1A4E84-F877-49F3-BF6D-400CF61DCF8C}.Release|Any CPU.ActiveCfg = Release|Any CPU
		{0A1A4E84-F877-49F3-BF6D-400CF61DCF8C}.Release|Any CPU.Build.0 = Release|Any CPU
		{A62CB7E7-872C-4DCE-8D1F-242EF50E44E7}.Debug|Any CPU.ActiveCfg = Debug|Any CPU
		{A62CB7E7-872C-4DCE-8D1F-242EF50E44E7}.Debug|Any CPU.Build.0 = Debug|Any CPU
		{A62CB7E7-872C-4DCE-8D1F-242EF50E44E7}.Release|Any CPU.ActiveCfg = Release|Any CPU
		{A62CB7E7-872C-4DCE-8D1F-242EF50E44E7}.Release|Any CPU.Build.0 = Release|Any CPU
		{DA708723-787B-4689-9FB7-E8CB1B043023}.Debug|Any CPU.ActiveCfg = Debug|Any CPU
		{DA708723-787B-4689-9FB7-E8CB1B043023}.Debug|Any CPU.Build.0 = Debug|Any CPU
		{DA708723-787B-4689-9FB7-E8CB1B043023}.Release|Any CPU.ActiveCfg = Release|Any CPU
		{DA708723-787B-4689-9FB7-E8CB1B043023}.Release|Any CPU.Build.0 = Release|Any CPU
		{32B9AD2F-7920-4A1E-A882-937CAA7C15E2}.Debug|Any CPU.ActiveCfg = Debug|Any CPU
		{32B9AD2F-7920-4A1E-A882-937CAA7C15E2}.Debug|Any CPU.Build.0 = Debug|Any CPU
		{32B9AD2F-7920-4A1E-A882-937CAA7C15E2}.Release|Any CPU.ActiveCfg = Release|Any CPU
		{32B9AD2F-7920-4A1E-A882-937CAA7C15E2}.Release|Any CPU.Build.0 = Release|Any CPU
	EndGlobalSection
	GlobalSection(SolutionProperties) = preSolution
		HideSolutionNode = FALSE
	EndGlobalSection
	GlobalSection(NestedProjects) = preSolution
		{E30B6622-2126-4766-A9C7-80464866B823} = {E82B7706-BDF4-46A7-88BD-ABBBCE95073A}
		{563FA885-5B35-42A1-A893-CCEE96AA7F4C} = {E82B7706-BDF4-46A7-88BD-ABBBCE95073A}
		{D0E4934E-2AD1-4967-B431-BB64F788111A} = {E82B7706-BDF4-46A7-88BD-ABBBCE95073A}
		{B4F7FF94-7A21-4561-90D5-CABC1AA19466} = {E82B7706-BDF4-46A7-88BD-ABBBCE95073A}
		{DC3FEC8B-AF3F-4EFF-B79D-910DDE35B6BA} = {E82B7706-BDF4-46A7-88BD-ABBBCE95073A}
		{EB73C98A-0A08-4FF1-9102-B018522096F1} = {C9FE49A3-B73C-4AF9-BA15-E7FAF2F3E756}
		{826DC1C1-748A-403D-9426-EC2CA1D47C76} = {C9FE49A3-B73C-4AF9-BA15-E7FAF2F3E756}
		{659875DE-9062-4EBC-A67D-A5234218A869} = {90D7689F-0E53-467B-AF3B-57FAD06A6FA6}
		{92D1F897-AA6D-41A7-8250-241811666113} = {90D7689F-0E53-467B-AF3B-57FAD06A6FA6}
		{11A0B234-413D-4683-9131-27FC5324186E} = {6155B8B3-B8F4-4002-A468-40D689CD7295}
		{F39272C7-0940-4A0F-8AFB-2DF8E19F7BC4} = {7E662993-CAEE-48C8-89E0-33F2AB1B438A}
		{5625B0F9-6C30-4BF7-A038-A36A0200A2DD} = {7E662993-CAEE-48C8-89E0-33F2AB1B438A}
		{05E399B7-4C53-4473-9E2C-5FBB4639D6AE} = {9C8C2FE4-A2FE-4689-B8F9-F488AB8BDD24}
		{FC92991B-F9F9-4A69-8BED-35AFF11B0CFC} = {9C8C2FE4-A2FE-4689-B8F9-F488AB8BDD24}
		{35C24C2D-9C87-4073-9E0A-947B9FEB571E} = {ECF139E8-ABCC-476B-8364-A8BBF74E47C5}
		{68E7AE8E-03A5-4012-8998-E5A8DC59D522} = {ECF139E8-ABCC-476B-8364-A8BBF74E47C5}
		{B7A8F81E-3652-4B0D-8D63-DAEA3EA223F4} = {8BE53D18-97F1-4FFD-B8BC-D5F41EC0A0AA}
		{5BAA31D1-7714-4602-BBF4-97AB2D8E3035} = {8BE53D18-97F1-4FFD-B8BC-D5F41EC0A0AA}
		{0A1A4E84-F877-49F3-BF6D-400CF61DCF8C} = {43FAE3C9-A50D-4F03-8EAB-2E86E55A5DCB}
		{A62CB7E7-872C-4DCE-8D1F-242EF50E44E7} = {43FAE3C9-A50D-4F03-8EAB-2E86E55A5DCB}
		{DA708723-787B-4689-9FB7-E8CB1B043023} = {43FAE3C9-A50D-4F03-8EAB-2E86E55A5DCB}
		{32B9AD2F-7920-4A1E-A882-937CAA7C15E2} = {43FAE3C9-A50D-4F03-8EAB-2E86E55A5DCB}
	EndGlobalSection
	GlobalSection(ExtensibilityGlobals) = postSolution
		SolutionGuid = {92AE07E7-DFC7-4E6A-80DE-18A23B12053B}
	EndGlobalSection
EndGlobal
